
Microsoft Visual Studio Solution File, Format Version 12.00
# Visual Studio Version 16
VisualStudioVersion = 16.0.29806.167
MinimumVisualStudioVersion = 10.0.40219.1
Project("{FAE04EC0-301F-11D3-BF4B-00C04F79EFBC}") = "Zjazd_3", "Zjazd_3\Zjazd_3.csproj", "{77469DC2-F348-47D5-B4BA-93165E8384DA}"
EndProject
Global
	GlobalSection(SolutionConfigurationPlatforms) = preSolution
		Debug|Any CPU = Debug|Any CPU
		Release|Any CPU = Release|Any CPU
	EndGlobalSection
	GlobalSection(ProjectConfigurationPlatforms) = postSolution
		{77469DC2-F348-47D5-B4BA-93165E8384DA}.Debug|Any CPU.ActiveCfg = Debug|Any CPU
		{77469DC2-F348-47D5-B4BA-93165E8384DA}.Debug|Any CPU.Build.0 = Debug|Any CPU
		{77469DC2-F348-47D5-B4BA-93165E8384DA}.Release|Any CPU.ActiveCfg = Release|Any CPU
		{77469DC2-F348-47D5-B4BA-93165E8384DA}.Release|Any CPU.Build.0 = Release|Any CPU
	EndGlobalSection
	GlobalSection(SolutionProperties) = preSolution
		HideSolutionNode = FALSE
	EndGlobalSection
	GlobalSection(ExtensibilityGlobals) = postSolution
		SolutionGuid = {7E509AED-4FE7-4DF1-B316-F54511F90933}
	EndGlobalSection
EndGlobal
